// !$*UTF8*$!
{
	archiveVersion = 1;
	classes = {
	};
	objectVersion = 46;
	objects = {

/* Begin PBXBuildFile section */
		84D1021A1B1495F5009694E1 /* AppDelegate.swift in Sources */ = {isa = PBXBuildFile; fileRef = 84D102191B1495F5009694E1 /* AppDelegate.swift */; };
		84D1021C1B1495F5009694E1 /* ViewController.swift in Sources */ = {isa = PBXBuildFile; fileRef = 84D1021B1B1495F5009694E1 /* ViewController.swift */; };
		84D1021F1B1495F5009694E1 /* Main.storyboard in Resources */ = {isa = PBXBuildFile; fileRef = 84D1021D1B1495F5009694E1 /* Main.storyboard */; };
		84D102211B1495F5009694E1 /* Images.xcassets in Resources */ = {isa = PBXBuildFile; fileRef = 84D102201B1495F5009694E1 /* Images.xcassets */; };
		84D102241B1495F5009694E1 /* LaunchScreen.xib in Resources */ = {isa = PBXBuildFile; fileRef = 84D102221B1495F5009694E1 /* LaunchScreen.xib */; };
		84D102301B1495F6009694E1 /* posty_MobileTests.swift in Sources */ = {isa = PBXBuildFile; fileRef = 84D1022F1B1495F6009694E1 /* posty_MobileTests.swift */; };
/* End PBXBuildFile section */

/* Begin PBXContainerItemProxy section */
		84D1022A1B1495F5009694E1 /* PBXContainerItemProxy */ = {
			isa = PBXContainerItemProxy;
			containerPortal = 84D1020C1B1495F5009694E1 /* Project object */;
			proxyType = 1;
			remoteGlobalIDString = 84D102131B1495F5009694E1;
			remoteInfo = posty_Mobile;
		};
/* End PBXContainerItemProxy section */

/* Begin PBXFileReference section */
		84D102141B1495F5009694E1 /* posty_Mobile.app */ = {isa = PBXFileReference; explicitFileType = wrapper.application; includeInIndex = 0; path = posty_Mobile.app; sourceTree = BUILT_PRODUCTS_DIR; };
		84D102181B1495F5009694E1 /* Info.plist */ = {isa = PBXFileReference; lastKnownFileType = text.plist.xml; path = Info.plist; sourceTree = "<group>"; };
		84D102191B1495F5009694E1 /* AppDelegate.swift */ = {isa = PBXFileReference; lastKnownFileType = sourcecode.swift; path = AppDelegate.swift; sourceTree = "<group>"; };
		84D1021B1B1495F5009694E1 /* ViewController.swift */ = {isa = PBXFileReference; lastKnownFileType = sourcecode.swift; path = ViewController.swift; sourceTree = "<group>"; };
		84D1021E1B1495F5009694E1 /* Base */ = {isa = PBXFileReference; lastKnownFileType = file.storyboard; name = Base; path = Base.lproj/Main.storyboard; sourceTree = "<group>"; };
		84D102201B1495F5009694E1 /* Images.xcassets */ = {isa = PBXFileReference; lastKnownFileType = folder.assetcatalog; path = Images.xcassets; sourceTree = "<group>"; };
		84D102231B1495F5009694E1 /* Base */ = {isa = PBXFileReference; lastKnownFileType = file.xib; name = Base; path = Base.lproj/LaunchScreen.xib; sourceTree = "<group>"; };
		84D102291B1495F5009694E1 /* posty_MobileTests.xctest */ = {isa = PBXFileReference; explicitFileType = wrapper.cfbundle; includeInIndex = 0; path = posty_MobileTests.xctest; sourceTree = BUILT_PRODUCTS_DIR; };
		84D1022E1B1495F6009694E1 /* Info.plist */ = {isa = PBXFileReference; lastKnownFileType = text.plist.xml; path = Info.plist; sourceTree = "<group>"; };
		84D1022F1B1495F6009694E1 /* posty_MobileTests.swift */ = {isa = PBXFileReference; lastKnownFileType = sourcecode.swift; path = posty_MobileTests.swift; sourceTree = "<group>"; };
/* End PBXFileReference section */

/* Begin PBXFrameworksBuildPhase section */
		84D102111B1495F5009694E1 /* Frameworks */ = {
			isa = PBXFrameworksBuildPhase;
			buildActionMask = 2147483647;
			files = (
			);
			runOnlyForDeploymentPostprocessing = 0;
		};
		84D102261B1495F5009694E1 /* Frameworks */ = {
			isa = PBXFrameworksBuildPhase;
			buildActionMask = 2147483647;
			files = (
			);
			runOnlyForDeploymentPostprocessing = 0;
		};
/* End PBXFrameworksBuildPhase section */

/* Begin PBXGroup section */
		84D1020B1B1495F5009694E1 = {
			isa = PBXGroup;
			children = (
				84D102161B1495F5009694E1 /* posty_Mobile */,
				84D1022C1B1495F5009694E1 /* posty_MobileTests */,
				84D102151B1495F5009694E1 /* Products */,
			);
			sourceTree = "<group>";
		};
		84D102151B1495F5009694E1 /* Products */ = {
			isa = PBXGroup;
			children = (
				84D102141B1495F5009694E1 /* posty_Mobile.app */,
				84D102291B1495F5009694E1 /* posty_MobileTests.xctest */,
			);
			name = Products;
			sourceTree = "<group>";
		};
		84D102161B1495F5009694E1 /* posty_Mobile */ = {
			isa = PBXGroup;
			children = (
				84D102191B1495F5009694E1 /* AppDelegate.swift */,
				84D1021B1B1495F5009694E1 /* ViewController.swift */,
				84D1021D1B1495F5009694E1 /* Main.storyboard */,
				84D102201B1495F5009694E1 /* Images.xcassets */,
				84D102221B1495F5009694E1 /* LaunchScreen.xib */,
				84D102171B1495F5009694E1 /* Supporting Files */,
			);
			path = posty_Mobile;
			sourceTree = "<group>";
		};
		84D102171B1495F5009694E1 /* Supporting Files */ = {
			isa = PBXGroup;
			children = (
				84D102181B1495F5009694E1 /* Info.plist */,
			);
			name = "Supporting Files";
			sourceTree = "<group>";
		};
		84D1022C1B1495F5009694E1 /* posty_MobileTests */ = {
			isa = PBXGroup;
			children = (
				84D1022F1B1495F6009694E1 /* posty_MobileTests.swift */,
				84D1022D1B1495F6009694E1 /* Supporting Files */,
			);
			path = posty_MobileTests;
			sourceTree = "<group>";
		};
		84D1022D1B1495F6009694E1 /* Supporting Files */ = {
			isa = PBXGroup;
			children = (
				84D1022E1B1495F6009694E1 /* Info.plist */,
			);
			name = "Supporting Files";
			sourceTree = "<group>";
		};
/* End PBXGroup section */

/* Begin PBXNativeTarget section */
		84D102131B1495F5009694E1 /* posty_Mobile */ = {
			isa = PBXNativeTarget;
			buildConfigurationList = 84D102331B1495F6009694E1 /* Build configuration list for PBXNativeTarget "posty_Mobile" */;
			buildPhases = (
				84D102101B1495F5009694E1 /* Sources */,
				84D102111B1495F5009694E1 /* Frameworks */,
				84D102121B1495F5009694E1 /* Resources */,
			);
			buildRules = (
			);
			dependencies = (
			);
			name = posty_Mobile;
			productName = posty_Mobile;
			productReference = 84D102141B1495F5009694E1 /* posty_Mobile.app */;
			productType = "com.apple.product-type.application";
		};
		84D102281B1495F5009694E1 /* posty_MobileTests */ = {
			isa = PBXNativeTarget;
			buildConfigurationList = 84D102361B1495F6009694E1 /* Build configuration list for PBXNativeTarget "posty_MobileTests" */;
			buildPhases = (
				84D102251B1495F5009694E1 /* Sources */,
				84D102261B1495F5009694E1 /* Frameworks */,
				84D102271B1495F5009694E1 /* Resources */,
			);
			buildRules = (
			);
			dependencies = (
				84D1022B1B1495F5009694E1 /* PBXTargetDependency */,
			);
			name = posty_MobileTests;
			productName = posty_MobileTests;
			productReference = 84D102291B1495F5009694E1 /* posty_MobileTests.xctest */;
			productType = "com.apple.product-type.bundle.unit-test";
		};
/* End PBXNativeTarget section */

/* Begin PBXProject section */
		84D1020C1B1495F5009694E1 /* Project object */ = {
			isa = PBXProject;
			attributes = {
				LastUpgradeCheck = 0630;
				ORGANIZATIONNAME = "ben-hx";
				TargetAttributes = {
					84D102131B1495F5009694E1 = {
						CreatedOnToolsVersion = 6.3.1;
					};
					84D102281B1495F5009694E1 = {
						CreatedOnToolsVersion = 6.3.1;
						TestTargetID = 84D102131B1495F5009694E1;
					};
				};
			};
			buildConfigurationList = 84D1020F1B1495F5009694E1 /* Build configuration list for PBXProject "posty_Mobile" */;
			compatibilityVersion = "Xcode 3.2";
			developmentRegion = English;
			hasScannedForEncodings = 0;
			knownRegions = (
				en,
				Base,
			);
			mainGroup = 84D1020B1B1495F5009694E1;
			productRefGroup = 84D102151B1495F5009694E1 /* Products */;
			projectDirPath = "";
			projectRoot = "";
			targets = (
				84D102131B1495F5009694E1 /* posty_Mobile */,
				84D102281B1495F5009694E1 /* posty_MobileTests */,
			);
		};
/* End PBXProject section */

/* Begin PBXResourcesBuildPhase section */
		84D102121B1495F5009694E1 /* Resources */ = {
			isa = PBXResourcesBuildPhase;
			buildActionMask = 2147483647;
			files = (
				84D1021F1B1495F5009694E1 /* Main.storyboard in Resources */,
				84D102241B1495F5009694E1 /* LaunchScreen.xib in Resources */,
				84D102211B1495F5009694E1 /* Images.xcassets in Resources */,
			);
			runOnlyForDeploymentPostprocessing = 0;
		};
		84D102271B1495F5009694E1 /* Resources */ = {
			isa = PBXResourcesBuildPhase;
			buildActionMask = 2147483647;
			files = (
			);
			runOnlyForDeploymentPostprocessing = 0;
		};
/* End PBXResourcesBuildPhase section */

/* Begin PBXSourcesBuildPhase section */
		84D102101B1495F5009694E1 /* Sources */ = {
			isa = PBXSourcesBuildPhase;
			buildActionMask = 2147483647;
			files = (
				84D1021C1B1495F5009694E1 /* ViewController.swift in Sources */,
				84D1021A1B1495F5009694E1 /* AppDelegate.swift in Sources */,
			);
			runOnlyForDeploymentPostprocessing = 0;
		};
		84D102251B1495F5009694E1 /* Sources */ = {
			isa = PBXSourcesBuildPhase;
			buildActionMask = 2147483647;
			files = (
				84D102301B1495F6009694E1 /* posty_MobileTests.swift in Sources */,
			);
			runOnlyForDeploymentPostprocessing = 0;
		};
/* End PBXSourcesBuildPhase section */

/* Begin PBXTargetDependency section */
		84D1022B1B1495F5009694E1 /* PBXTargetDependency */ = {
			isa = PBXTargetDependency;
			target = 84D102131B1495F5009694E1 /* posty_Mobile */;
			targetProxy = 84D1022A1B1495F5009694E1 /* PBXContainerItemProxy */;
		};
/* End PBXTargetDependency section */

/* Begin PBXVariantGroup section */
		84D1021D1B1495F5009694E1 /* Main.storyboard */ = {
			isa = PBXVariantGroup;
			children = (
				84D1021E1B1495F5009694E1 /* Base */,
			);
			name = Main.storyboard;
			sourceTree = "<group>";
		};
		84D102221B1495F5009694E1 /* LaunchScreen.xib */ = {
			isa = PBXVariantGroup;
			children = (
				84D102231B1495F5009694E1 /* Base */,
			);
			name = LaunchScreen.xib;
			sourceTree = "<group>";
		};
/* End PBXVariantGroup section */

/* Begin XCBuildConfiguration section */
		84D102311B1495F6009694E1 /* Debug */ = {
			isa = XCBuildConfiguration;
			buildSettings = {
				ALWAYS_SEARCH_USER_PATHS = NO;
				CLANG_CXX_LANGUAGE_STANDARD = "gnu++0x";
				CLANG_CXX_LIBRARY = "libc++";
				CLANG_ENABLE_MODULES = YES;
				CLANG_ENABLE_OBJC_ARC = YES;
				CLANG_WARN_BOOL_CONVERSION = YES;
				CLANG_WARN_CONSTANT_CONVERSION = YES;
				CLANG_WARN_DIRECT_OBJC_ISA_USAGE = YES_ERROR;
				CLANG_WARN_EMPTY_BODY = YES;
				CLANG_WARN_ENUM_CONVERSION = YES;
				CLANG_WARN_INT_CONVERSION = YES;
				CLANG_WARN_OBJC_ROOT_CLASS = YES_ERROR;
				CLANG_WARN_UNREACHABLE_CODE = YES;
				CLANG_WARN__DUPLICATE_METHOD_MATCH = YES;
				"CODE_SIGN_IDENTITY[sdk=iphoneos*]" = "iPhone Developer";
				COPY_PHASE_STRIP = NO;
				DEBUG_INFORMATION_FORMAT = "dwarf-with-dsym";
				ENABLE_STRICT_OBJC_MSGSEND = YES;
				GCC_C_LANGUAGE_STANDARD = gnu99;
				GCC_DYNAMIC_NO_PIC = NO;
				GCC_NO_COMMON_BLOCKS = YES;
				GCC_OPTIMIZATION_LEVEL = 0;
				GCC_PREPROCESSOR_DEFINITIONS = (
					"DEBUG=1",
					"$(inherited)",
				);
				GCC_SYMBOLS_PRIVATE_EXTERN = NO;
				GCC_WARN_64_TO_32_BIT_CONVERSION = YES;
				GCC_WARN_ABOUT_RETURN_TYPE = YES_ERROR;
				GCC_WARN_UNDECLARED_SELECTOR = YES;
				GCC_WARN_UNINITIALIZED_AUTOS = YES_AGGRESSIVE;
				GCC_WARN_UNUSED_FUNCTION = YES;
				GCC_WARN_UNUSED_VARIABLE = YES;
				IPHONEOS_DEPLOYMENT_TARGET = 8.3;
				MTL_ENABLE_DEBUG_INFO = YES;
				ONLY_ACTIVE_ARCH = YES;
				SDKROOT = iphoneos;
				SWIFT_OPTIMIZATION_LEVEL = "-Onone";
				TARGETED_DEVICE_FAMILY = "1,2";
			};
			name = Debug;
		};
		84D102321B1495F6009694E1 /* Release */ = {
			isa = XCBuildConfiguration;
			buildSettings = {
				ALWAYS_SEARCH_USER_PATHS = NO;
				CLANG_CXX_LANGUAGE_STANDARD = "gnu++0x";
				CLANG_CXX_LIBRARY = "libc++";
				CLANG_ENABLE_MODULES = YES;
				CLANG_ENABLE_OBJC_ARC = YES;
				CLANG_WARN_BOOL_CONVERSION = YES;
				CLANG_WARN_CONSTANT_CONVERSION = YES;
				CLANG_WARN_DIRECT_OBJC_ISA_USAGE = YES_ERROR;
				CLANG_WARN_EMPTY_BODY = YES;
				CLANG_WARN_ENUM_CONVERSION = YES;
				CLANG_WARN_INT_CONVERSION = YES;
				CLANG_WARN_OBJC_ROOT_CLASS = YES_ERROR;
				CLANG_WARN_UNREACHABLE_CODE = YES;
				CLANG_WARN__DUPLICATE_METHOD_MATCH = YES;
				"CODE_SIGN_IDENTITY[sdk=iphoneos*]" = "iPhone Developer";
				COPY_PHASE_STRIP = NO;
				DEBUG_INFORMATION_FORMAT = "dwarf-with-dsym";
				ENABLE_NS_ASSERTIONS = NO;
				ENABLE_STRICT_OBJC_MSGSEND = YES;
				GCC_C_LANGUAGE_STANDARD = gnu99;
				GCC_NO_COMMON_BLOCKS = YES;
				GCC_WARN_64_TO_32_BIT_CONVERSION = YES;
				GCC_WARN_ABOUT_RETURN_TYPE = YES_ERROR;
				GCC_WARN_UNDECLARED_SELECTOR = YES;
				GCC_WARN_UNINITIALIZED_AUTOS = YES_AGGRESSIVE;
				GCC_WARN_UNUSED_FUNCTION = YES;
				GCC_WARN_UNUSED_VARIABLE = YES;
				IPHONEOS_DEPLOYMENT_TARGET = 8.3;
				MTL_ENABLE_DEBUG_INFO = NO;
				SDKROOT = iphoneos;
				TARGETED_DEVICE_FAMILY = "1,2";
				VALIDATE_PRODUCT = YES;
			};
			name = Release;
		};
		84D102341B1495F6009694E1 /* Debug */ = {
			isa = XCBuildConfiguration;
			buildSettings = {
				ASSETCATALOG_COMPILER_APPICON_NAME = AppIcon;
				INFOPLIST_FILE = posty_Mobile/Info.plist;
				LD_RUNPATH_SEARCH_PATHS = "$(inherited) @executable_path/Frameworks";
				PRODUCT_NAME = "$(TARGET_NAME)";
			};
			name = Debug;
		};
		84D102351B1495F6009694E1 /* Release */ = {
			isa = XCBuildConfiguration;
			buildSettings = {
				ASSETCATALOG_COMPILER_APPICON_NAME = AppIcon;
				INFOPLIST_FILE = posty_Mobile/Info.plist;
				LD_RUNPATH_SEARCH_PATHS = "$(inherited) @executable_path/Frameworks";
				PRODUCT_NAME = "$(TARGET_NAME)";
			};
			name = Release;
		};
		84D102371B1495F6009694E1 /* Debug */ = {
			isa = XCBuildConfiguration;
			buildSettings = {
				BUNDLE_LOADER = "$(TEST_HOST)";
				FRAMEWORK_SEARCH_PATHS = (
					"$(SDKROOT)/Developer/Library/Frameworks",
					"$(inherited)",
				);
				GCC_PREPROCESSOR_DEFINITIONS = (
					"DEBUG=1",
					"$(inherited)",
				);
				INFOPLIST_FILE = posty_MobileTests/Info.plist;
				LD_RUNPATH_SEARCH_PATHS = "$(inherited) @executable_path/Frameworks @loader_path/Frameworks";
				PRODUCT_NAME = "$(TARGET_NAME)";
				TEST_HOST = "$(BUILT_PRODUCTS_DIR)/posty_Mobile.app/posty_Mobile";
			};
			name = Debug;
		};
		84D102381B1495F6009694E1 /* Release */ = {
			isa = XCBuildConfiguration;
			buildSettings = {
				BUNDLE_LOADER = "$(TEST_HOST)";
				FRAMEWORK_SEARCH_PATHS = (
					"$(SDKROOT)/Developer/Library/Frameworks",
					"$(inherited)",
				);
				INFOPLIST_FILE = posty_MobileTests/Info.plist;
				LD_RUNPATH_SEARCH_PATHS = "$(inherited) @executable_path/Frameworks @loader_path/Frameworks";
				PRODUCT_NAME = "$(TARGET_NAME)";
				TEST_HOST = "$(BUILT_PRODUCTS_DIR)/posty_Mobile.app/posty_Mobile";
			};
			name = Release;
		};
/* End XCBuildConfiguration section */

/* Begin XCConfigurationList section */
		84D1020F1B1495F5009694E1 /* Build configuration list for PBXProject "posty_Mobile" */ = {
			isa = XCConfigurationList;
			buildConfigurations = (
				84D102311B1495F6009694E1 /* Debug */,
				84D102321B1495F6009694E1 /* Release */,
			);
			defaultConfigurationIsVisible = 0;
			defaultConfigurationName = Release;
		};
		84D102331B1495F6009694E1 /* Build configuration list for PBXNativeTarget "posty_Mobile" */ = {
			isa = XCConfigurationList;
			buildConfigurations = (
				84D102341B1495F6009694E1 /* Debug */,
				84D102351B1495F6009694E1 /* Release */,
			);
			defaultConfigurationIsVisible = 0;
		};
		84D102361B1495F6009694E1 /* Build configuration list for PBXNativeTarget "posty_MobileTests" */ = {
			isa = XCConfigurationList;
			buildConfigurations = (
				84D102371B1495F6009694E1 /* Debug */,
				84D102381B1495F6009694E1 /* Release */,
			);
			defaultConfigurationIsVisible = 0;
		};
/* End XCConfigurationList section */
	};
	rootObject = 84D1020C1B1495F5009694E1 /* Project object */;
}
